
Microsoft Visual Studio Solution File, Format Version 12.00
# Visual Studio Version 17
VisualStudioVersion = 17.0.32112.339
MinimumVisualStudioVersion = 10.0.40219.1
Project("{FAE04EC0-301F-11D3-BF4B-00C04F79EFBC}") = "TarefaProgramaçãoEstruturada", "TarefaProgramaçãoEstruturada\TarefaProgramaçãoEstruturada.csproj", "{7C2B4F0A-73A6-46C9-B4EE-FE3594355729}"
EndProject
Global
	GlobalSection(SolutionConfigurationPlatforms) = preSolution
		Debug|Any CPU = Debug|Any CPU
		Release|Any CPU = Release|Any CPU
	EndGlobalSection
	GlobalSection(ProjectConfigurationPlatforms) = postSolution
		{7C2B4F0A-73A6-46C9-B4EE-FE3594355729}.Debug|Any CPU.ActiveCfg = Debug|Any CPU
		{7C2B4F0A-73A6-46C9-B4EE-FE3594355729}.Debug|Any CPU.Build.0 = Debug|Any CPU
		{7C2B4F0A-73A6-46C9-B4EE-FE3594355729}.Release|Any CPU.ActiveCfg = Release|Any CPU
		{7C2B4F0A-73A6-46C9-B4EE-FE3594355729}.Release|Any CPU.Build.0 = Release|Any CPU
	EndGlobalSection
	GlobalSection(SolutionProperties) = preSolution
		HideSolutionNode = FALSE
	EndGlobalSection
	GlobalSection(ExtensibilityGlobals) = postSolution
		SolutionGuid = {8C930A55-4B35-4DA8-AE69-4D0E8C2A4537}
	EndGlobalSection
EndGlobal
